
Microsoft Visual Studio Solution File, Format Version 12.00
# Visual Studio Version 17
VisualStudioVersion = 17.6.33801.468
MinimumVisualStudioVersion = 10.0.40219.1
Project("{888888A0-9F3D-457C-B088-3A5042F75D52}") = "lesson 6", "lesson 6\lesson 6.pyproj", "{E13694D5-F720-447F-BF9A-8326A8FCC565}"
EndProject
Global
	GlobalSection(SolutionConfigurationPlatforms) = preSolution
		Debug|Any CPU = Debug|Any CPU
		Release|Any CPU = Release|Any CPU
	EndGlobalSection
	GlobalSection(ProjectConfigurationPlatforms) = postSolution
		{E13694D5-F720-447F-BF9A-8326A8FCC565}.Debug|Any CPU.ActiveCfg = Debug|Any CPU
		{E13694D5-F720-447F-BF9A-8326A8FCC565}.Release|Any CPU.ActiveCfg = Release|Any CPU
	EndGlobalSection
	GlobalSection(SolutionProperties) = preSolution
		HideSolutionNode = FALSE
	EndGlobalSection
	GlobalSection(ExtensibilityGlobals) = postSolution
		SolutionGuid = {25D706E3-55A5-428D-9DC2-C9609BC532EE}
	EndGlobalSection
EndGlobal
