
Microsoft Visual Studio Solution File, Format Version 12.00
# Visual Studio Version 17
VisualStudioVersion = 17.6.33801.468
MinimumVisualStudioVersion = 10.0.40219.1
Project("{888888A0-9F3D-457C-B088-3A5042F75D52}") = "lesson  7", "lesson  7\lesson  7.pyproj", "{0D784BE8-C26D-47C3-BDFD-37B6DC3D939B}"
EndProject
Global
	GlobalSection(SolutionConfigurationPlatforms) = preSolution
		Debug|Any CPU = Debug|Any CPU
		Release|Any CPU = Release|Any CPU
	EndGlobalSection
	GlobalSection(ProjectConfigurationPlatforms) = postSolution
		{0D784BE8-C26D-47C3-BDFD-37B6DC3D939B}.Debug|Any CPU.ActiveCfg = Debug|Any CPU
		{0D784BE8-C26D-47C3-BDFD-37B6DC3D939B}.Release|Any CPU.ActiveCfg = Release|Any CPU
	EndGlobalSection
	GlobalSection(SolutionProperties) = preSolution
		HideSolutionNode = FALSE
	EndGlobalSection
	GlobalSection(ExtensibilityGlobals) = postSolution
		SolutionGuid = {9EB279CC-FD35-474A-B224-3376AF096FCA}
	EndGlobalSection
EndGlobal
