
Microsoft Visual Studio Solution File, Format Version 12.00
# Visual Studio Version 17
VisualStudioVersion = 17.6.33801.468
MinimumVisualStudioVersion = 10.0.40219.1
Project("{888888A0-9F3D-457C-B088-3A5042F75D52}") = "game Hangman", "game Hangman\game Hangman.pyproj", "{7E173965-EF14-4FCB-A109-A0E655BBAA7D}"
EndProject
Global
	GlobalSection(SolutionConfigurationPlatforms) = preSolution
		Debug|Any CPU = Debug|Any CPU
		Release|Any CPU = Release|Any CPU
	EndGlobalSection
	GlobalSection(ProjectConfigurationPlatforms) = postSolution
		{7E173965-EF14-4FCB-A109-A0E655BBAA7D}.Debug|Any CPU.ActiveCfg = Debug|Any CPU
		{7E173965-EF14-4FCB-A109-A0E655BBAA7D}.Release|Any CPU.ActiveCfg = Release|Any CPU
	EndGlobalSection
	GlobalSection(SolutionProperties) = preSolution
		HideSolutionNode = FALSE
	EndGlobalSection
	GlobalSection(ExtensibilityGlobals) = postSolution
		SolutionGuid = {386AC3B5-B93B-4632-B0C2-6F20AF4CAE22}
	EndGlobalSection
EndGlobal
